
Microsoft Visual Studio Solution File, Format Version 12.00
# Visual Studio 15
VisualStudioVersion = 15.0.27428.2015
MinimumVisualStudioVersion = 10.0.40219.1
Project("{D954291E-2A0B-460D-934E-DC6B0785DB48}") = "Inferno", "Inferno\Inferno.shproj", "{461207D6-7F4A-4F55-82E1-8E019B1DA076}"
EndProject
Project("{FAE04EC0-301F-11D3-BF4B-00C04F79EFBC}") = "Inferno.Desktop", "Inferno.Desktop\Inferno.Desktop.csproj", "{2FAAE576-A9EF-45EC-9C9C-236755723BD8}"
EndProject
Project("{FAE04EC0-301F-11D3-BF4B-00C04F79EFBC}") = "Inferno.Tests.Windows", "Inferno.Tests.Windows\Inferno.Tests.Windows.csproj", "{4198C94F-68BA-487A-A4C2-A28BD8A7EAC9}"
EndProject
Project("{FAE04EC0-301F-11D3-BF4B-00C04F79EFBC}") = "Inferno.UWP", "Inferno.UWP\Inferno.UWP.csproj", "{C7E901C8-AE20-4873-86B4-C72526F19CC4}"
EndProject
Global
	GlobalSection(SharedMSBuildProjectFiles) = preSolution
		Inferno\Inferno.Runtime.projitems*{2faae576-a9ef-45ec-9c9c-236755723bd8}*SharedItemsImports = 4
		Inferno\Inferno.Runtime.projitems*{461207d6-7f4a-4f55-82e1-8e019b1da076}*SharedItemsImports = 13
		Inferno\Inferno.Runtime.projitems*{c7e901c8-ae20-4873-86b4-c72526f19cc4}*SharedItemsImports = 4
	EndGlobalSection
	GlobalSection(SolutionConfigurationPlatforms) = preSolution
		Debug|Any CPU = Debug|Any CPU
		Debug|ARM = Debug|ARM
		Debug|x64 = Debug|x64
		Debug|x86 = Debug|x86
		Release|Any CPU = Release|Any CPU
		Release|ARM = Release|ARM
		Release|x64 = Release|x64
		Release|x86 = Release|x86
	EndGlobalSection
	GlobalSection(ProjectConfigurationPlatforms) = postSolution
		{2FAAE576-A9EF-45EC-9C9C-236755723BD8}.Debug|Any CPU.ActiveCfg = Debug|Any CPU
		{2FAAE576-A9EF-45EC-9C9C-236755723BD8}.Debug|Any CPU.Build.0 = Debug|Any CPU
		{2FAAE576-A9EF-45EC-9C9C-236755723BD8}.Debug|ARM.ActiveCfg = Debug|Any CPU
		{2FAAE576-A9EF-45EC-9C9C-236755723BD8}.Debug|ARM.Build.0 = Debug|Any CPU
		{2FAAE576-A9EF-45EC-9C9C-236755723BD8}.Debug|x64.ActiveCfg = Debug|Any CPU
		{2FAAE576-A9EF-45EC-9C9C-236755723BD8}.Debug|x64.Build.0 = Debug|Any CPU
		{2FAAE576-A9EF-45EC-9C9C-236755723BD8}.Debug|x86.ActiveCfg = Debug|Any CPU
		{2FAAE576-A9EF-45EC-9C9C-236755723BD8}.Debug|x86.Build.0 = Debug|Any CPU
		{2FAAE576-A9EF-45EC-9C9C-236755723BD8}.Release|Any CPU.ActiveCfg = Release|Any CPU
		{2FAAE576-A9EF-45EC-9C9C-236755723BD8}.Release|Any CPU.Build.0 = Release|Any CPU
		{2FAAE576-A9EF-45EC-9C9C-236755723BD8}.Release|ARM.ActiveCfg = Release|Any CPU
		{2FAAE576-A9EF-45EC-9C9C-236755723BD8}.Release|ARM.Build.0 = Release|Any CPU
		{2FAAE576-A9EF-45EC-9C9C-236755723BD8}.Release|x64.ActiveCfg = Release|Any CPU
		{2FAAE576-A9EF-45EC-9C9C-236755723BD8}.Release|x64.Build.0 = Release|Any CPU
		{2FAAE576-A9EF-45EC-9C9C-236755723BD8}.Release|x86.ActiveCfg = Release|Any CPU
		{2FAAE576-A9EF-45EC-9C9C-236755723BD8}.Release|x86.Build.0 = Release|Any CPU
		{4198C94F-68BA-487A-A4C2-A28BD8A7EAC9}.Debug|Any CPU.ActiveCfg = Debug|x86
		{4198C94F-68BA-487A-A4C2-A28BD8A7EAC9}.Debug|Any CPU.Build.0 = Debug|x86
		{4198C94F-68BA-487A-A4C2-A28BD8A7EAC9}.Debug|ARM.ActiveCfg = Debug|x86
		{4198C94F-68BA-487A-A4C2-A28BD8A7EAC9}.Debug|x64.ActiveCfg = Debug|x86
		{4198C94F-68BA-487A-A4C2-A28BD8A7EAC9}.Debug|x86.ActiveCfg = Debug|x86
		{4198C94F-68BA-487A-A4C2-A28BD8A7EAC9}.Debug|x86.Build.0 = Debug|x86
		{4198C94F-68BA-487A-A4C2-A28BD8A7EAC9}.Release|Any CPU.ActiveCfg = Release|x86
		{4198C94F-68BA-487A-A4C2-A28BD8A7EAC9}.Release|ARM.ActiveCfg = Release|x86
		{4198C94F-68BA-487A-A4C2-A28BD8A7EAC9}.Release|x64.ActiveCfg = Release|x86
		{4198C94F-68BA-487A-A4C2-A28BD8A7EAC9}.Release|x86.ActiveCfg = Release|x86
		{4198C94F-68BA-487A-A4C2-A28BD8A7EAC9}.Release|x86.Build.0 = Release|x86
		{C7E901C8-AE20-4873-86B4-C72526F19CC4}.Debug|Any CPU.ActiveCfg = Debug|Any CPU
		{C7E901C8-AE20-4873-86B4-C72526F19CC4}.Debug|Any CPU.Build.0 = Debug|Any CPU
		{C7E901C8-AE20-4873-86B4-C72526F19CC4}.Debug|ARM.ActiveCfg = Debug|ARM
		{C7E901C8-AE20-4873-86B4-C72526F19CC4}.Debug|ARM.Build.0 = Debug|ARM
		{C7E901C8-AE20-4873-86B4-C72526F19CC4}.Debug|x64.ActiveCfg = Debug|x64
		{C7E901C8-AE20-4873-86B4-C72526F19CC4}.Debug|x64.Build.0 = Debug|x64
		{C7E901C8-AE20-4873-86B4-C72526F19CC4}.Debug|x86.ActiveCfg = Debug|x86
		{C7E901C8-AE20-4873-86B4-C72526F19CC4}.Debug|x86.Build.0 = Debug|x86
		{C7E901C8-AE20-4873-86B4-C72526F19CC4}.Release|Any CPU.ActiveCfg = Release|Any CPU
		{C7E901C8-AE20-4873-86B4-C72526F19CC4}.Release|ARM.ActiveCfg = Release|ARM
		{C7E901C8-AE20-4873-86B4-C72526F19CC4}.Release|ARM.Build.0 = Release|ARM
		{C7E901C8-AE20-4873-86B4-C72526F19CC4}.Release|x64.ActiveCfg = Release|x64
		{C7E901C8-AE20-4873-86B4-C72526F19CC4}.Release|x64.Build.0 = Release|x64
		{C7E901C8-AE20-4873-86B4-C72526F19CC4}.Release|x86.ActiveCfg = Release|x86
		{C7E901C8-AE20-4873-86B4-C72526F19CC4}.Release|x86.Build.0 = Release|x86
	EndGlobalSection
	GlobalSection(SolutionProperties) = preSolution
		HideSolutionNode = FALSE
	EndGlobalSection
	GlobalSection(ExtensibilityGlobals) = postSolution
		SolutionGuid = {79A601ED-74E9-46C4-A4E7-338840379DFF}
	EndGlobalSection
EndGlobal
